
Microsoft Visual Studio Solution File, Format Version 12.00
# Visual Studio Version 16
VisualStudioVersion = 16.0.30804.86
MinimumVisualStudioVersion = 10.0.40219.1
Project("{8BC9CEB8-8B4A-11D0-8D11-00A0C91BC942}") = "Vigilant", "Vigilant\Vigilant.vcxproj", "{49888267-8180-4A96-804D-76CBBB72AAFE}"
EndProject
Global
	GlobalSection(SolutionConfigurationPlatforms) = preSolution
		Debug|x64 = Debug|x64
		Release|x64 = Release|x64
	EndGlobalSection
	GlobalSection(ProjectConfigurationPlatforms) = postSolution
		{49888267-8180-4A96-804D-76CBBB72AAFE}.Debug|x64.ActiveCfg = Debug|x64
		{49888267-8180-4A96-804D-76CBBB72AAFE}.Debug|x64.Build.0 = Debug|x64
		{49888267-8180-4A96-804D-76CBBB72AAFE}.Release|x64.ActiveCfg = Release|x64
		{49888267-8180-4A96-804D-76CBBB72AAFE}.Release|x64.Build.0 = Release|x64
	EndGlobalSection
	GlobalSection(SolutionProperties) = preSolution
		HideSolutionNode = FALSE
	EndGlobalSection
	GlobalSection(ExtensibilityGlobals) = postSolution
		SolutionGuid = {284623E1-286A-4784-8FC0-35A1DDCC51C4}
	EndGlobalSection
EndGlobal
